
Microsoft Visual Studio Solution File, Format Version 12.00
# Visual Studio 15
VisualStudioVersion = 15.0.27130.2020
MinimumVisualStudioVersion = 10.0.40219.1
Project("{FAE04EC0-301F-11D3-BF4B-00C04F79EFBC}") = "FunctionAppEngin", "FunctionAppEngin\FunctionAppEngin.csproj", "{0271AA8B-CE17-4EBA-91BF-B26C3A4C954D}"
EndProject
Global
	GlobalSection(SolutionConfigurationPlatforms) = preSolution
		Debug|Any CPU = Debug|Any CPU
		Release|Any CPU = Release|Any CPU
	EndGlobalSection
	GlobalSection(ProjectConfigurationPlatforms) = postSolution
		{0271AA8B-CE17-4EBA-91BF-B26C3A4C954D}.Debug|Any CPU.ActiveCfg = Debug|Any CPU
		{0271AA8B-CE17-4EBA-91BF-B26C3A4C954D}.Debug|Any CPU.Build.0 = Debug|Any CPU
		{0271AA8B-CE17-4EBA-91BF-B26C3A4C954D}.Release|Any CPU.ActiveCfg = Release|Any CPU
		{0271AA8B-CE17-4EBA-91BF-B26C3A4C954D}.Release|Any CPU.Build.0 = Release|Any CPU
	EndGlobalSection
	GlobalSection(SolutionProperties) = preSolution
		HideSolutionNode = FALSE
	EndGlobalSection
	GlobalSection(ExtensibilityGlobals) = postSolution
		SolutionGuid = {1DD5D016-B5C9-49A1-B628-2E47EDFCE087}
	EndGlobalSection
EndGlobal
